{
  "name": "@jiggy/test-app-camera",
  "version": "0.0.1",
  "lockfileVersion": 1,
  "requires": true,
  "dependencies": {
    "@jiggy/assets": {
      "version": "file:../../src/assets"
    },
    "@jiggy/audio": {
      "version": "file:../../src/audio"
    },
    "@jiggy/core": {
      "version": "file:../../src/core"
    },
    "@jiggy/engines": {
      "version": "file:../../src/engines"
    },
    "@jiggy/entities": {
      "version": "file:../../src/entities"
    },
    "@jiggy/inputs": {
      "version": "file:../../src/inputs"
    },
    "@jiggy/interfaces": {
      "version": "file:../../src/interfaces"
    },
    "@jiggy/utils": {
      "version": "file:../../src/utils"
    }
  }
}
