{
  "name": "@jiggy/core",
  "version": "0.0.1",
  "lockfileVersion": 1,
  "requires": true,
  "dependencies": {
    "@jiggy/assets": {
      "version": "file:../assets"
    },
    "@jiggy/audio": {
      "version": "file:../audio",
      "requires": {
        "@jiggy/assets": "file:../assets",
        "@jiggy/utils": "file:../utils"
      },
      "dependencies": {
        "@jiggy/assets": {
          "version": "file:../assets",
          "bundled": true
        },
        "@jiggy/utils": {
          "version": "file:../utils",
          "bundled": true
        }
      }
    },
    "@jiggy/engines": {
      "version": "file:../engines"
    },
    "@jiggy/entities": {
      "version": "file:../entities"
    },
    "@jiggy/inputs": {
      "version": "file:../inputs"
    },
    "@jiggy/utils": {
      "version": "file:../utils"
    }
  }
}
