{
  "name": "@jiggy/assets",
  "version": "0.0.1",
  "lockfileVersion": 1,
  "requires": true,
  "dependencies": {
    "@jiggy/entities": {
      "version": "file:../entities",
      "requires": {
        "@jiggy/assets": "file:",
        "@jiggy/interfaces": "file:../interfaces",
        "@jiggy/utils": "file:../utils"
      },
      "dependencies": {
        "@jiggy/assets": {
          "version": "file:",
          "bundled": true,
          "requires": {
            "@jiggy/utils": "file:../utils"
          },
          "dependencies": {
            "@jiggy/utils": {
              "version": "file:../utils",
              "bundled": true,
              "requires": {
                "@jiggy/entities": "file:../entities",
                "@jiggy/interfaces": "file:../interfaces"
              },
              "dependencies": {
                "@jiggy/entities": {
                  "version": "file:../entities",
                  "bundled": true,
                  "requires": {
                    "@jiggy/assets": "file:",
                    "@jiggy/interfaces": "file:../interfaces",
                    "@jiggy/utils": "file:../utils"
                  },
                  "dependencies": {
                    "@jiggy/assets": {
                      "version": "file:",
                      "bundled": true,
                      "requires": {
                        "@jiggy/utils": "file:../utils"
                      },
                      "dependencies": {}
                    },
                    "@jiggy/interfaces": {
                      "version": "file:../interfaces",
                      "bundled": true
                    },
                    "@jiggy/utils": {
                      "version": "file:../utils",
                      "bundled": true,
                      "requires": {
                        "@jiggy/entities": "file:../entities",
                        "@jiggy/interfaces": "file:../interfaces"
                      },
                      "dependencies": {
                        "@jiggy/entities": {
                          "version": "file:../entities",
                          "bundled": true,
                          "requires": {
                            "@jiggy/assets": "file:",
                            "@jiggy/interfaces": "file:../interfaces",
                            "@jiggy/utils": "file:../utils"
                          },
                          "dependencies": {}
                        },
                        "@jiggy/interfaces": {
                          "version": "file:../interfaces",
                          "bundled": true
                        }
                      }
                    }
                  }
                },
                "@jiggy/interfaces": {
                  "version": "file:../interfaces",
                  "bundled": true
                }
              }
            }
          }
        },
        "@jiggy/interfaces": {
          "version": "file:../interfaces",
          "bundled": true
        },
        "@jiggy/utils": {
          "version": "file:../utils",
          "bundled": true,
          "requires": {
            "@jiggy/entities": "file:../entities",
            "@jiggy/interfaces": "file:../interfaces"
          },
          "dependencies": {}
        }
      }
    },
    "@jiggy/utils": {
      "version": "file:../utils",
      "bundled": true,
      "requires": {
        "@jiggy/entities": "file:../entities",
        "@jiggy/interfaces": "file:../interfaces"
      },
      "dependencies": {
        "@jiggy/entities": {
          "version": "file:../entities",
          "bundled": true,
          "requires": {
            "@jiggy/assets": "file:",
            "@jiggy/interfaces": "file:../interfaces",
            "@jiggy/utils": "file:../utils"
          },
          "dependencies": {
            "@jiggy/assets": {
              "version": "file:",
              "bundled": true,
              "requires": {
                "@jiggy/utils": "file:../utils"
              },
              "dependencies": {
                "@jiggy/utils": {
                  "version": "file:../utils",
                  "bundled": true,
                  "requires": {
                    "@jiggy/entities": "file:../entities",
                    "@jiggy/interfaces": "file:../interfaces"
                  },
                  "dependencies": {
                    "@jiggy/entities": {
                      "version": "file:../entities",
                      "bundled": true,
                      "requires": {
                        "@jiggy/assets": "file:",
                        "@jiggy/interfaces": "file:../interfaces",
                        "@jiggy/utils": "file:../utils"
                      },
                      "dependencies": {
                        "@jiggy/assets": {
                          "version": "file:",
                          "bundled": true,
                          "requires": {
                            "@jiggy/utils": "file:../utils"
                          },
                          "dependencies": {
                            "@jiggy/utils": {
                              "version": "file:../utils",
                              "bundled": true,
                              "requires": {
                                "@jiggy/entities": "file:../entities",
                                "@jiggy/interfaces": "file:../interfaces"
                              },
                              "dependencies": {}
                            }
                          }
                        },
                        "@jiggy/interfaces": {
                          "version": "file:../interfaces",
                          "bundled": true
                        },
                        "@jiggy/utils": {
                          "version": "file:../utils",
                          "bundled": true,
                          "requires": {
                            "@jiggy/entities": "file:../entities",
                            "@jiggy/interfaces": "file:../interfaces"
                          },
                          "dependencies": {
                            "@jiggy/entities": {
                              "version": "file:../entities",
                              "bundled": true,
                              "requires": {
                                "@jiggy/assets": "file:",
                                "@jiggy/interfaces": "file:../interfaces",
                                "@jiggy/utils": "file:../utils"
                              },
                              "dependencies": {}
                            },
                            "@jiggy/interfaces": {
                              "version": "file:../interfaces",
                              "bundled": true
                            }
                          }
                        }
                      }
                    },
                    "@jiggy/interfaces": {
                      "version": "file:../interfaces",
                      "bundled": true
                    }
                  }
                }
              }
            },
            "@jiggy/interfaces": {
              "version": "file:../interfaces",
              "bundled": true
            },
            "@jiggy/utils": {
              "version": "file:../utils",
              "bundled": true,
              "requires": {
                "@jiggy/entities": "file:../entities",
                "@jiggy/interfaces": "file:../interfaces"
              },
              "dependencies": {
                "@jiggy/entities": {
                  "version": "file:../entities",
                  "bundled": true,
                  "requires": {
                    "@jiggy/assets": "file:",
                    "@jiggy/interfaces": "file:../interfaces",
                    "@jiggy/utils": "file:../utils"
                  },
                  "dependencies": {
                    "@jiggy/assets": {
                      "version": "file:",
                      "bundled": true,
                      "requires": {
                        "@jiggy/utils": "file:../utils"
                      },
                      "dependencies": {
                        "@jiggy/utils": {
                          "version": "file:../utils",
                          "bundled": true,
                          "requires": {
                            "@jiggy/entities": "file:../entities",
                            "@jiggy/interfaces": "file:../interfaces"
                          },
                          "dependencies": {
                            "@jiggy/entities": {
                              "version": "file:../entities",
                              "bundled": true,
                              "requires": {
                                "@jiggy/assets": "file:",
                                "@jiggy/interfaces": "file:../interfaces",
                                "@jiggy/utils": "file:../utils"
                              },
                              "dependencies": {}
                            },
                            "@jiggy/interfaces": {
                              "version": "file:../interfaces",
                              "bundled": true
                            }
                          }
                        }
                      }
                    },
                    "@jiggy/interfaces": {
                      "version": "file:../interfaces",
                      "bundled": true
                    },
                    "@jiggy/utils": {
                      "version": "file:../utils",
                      "bundled": true,
                      "requires": {
                        "@jiggy/entities": "file:../entities",
                        "@jiggy/interfaces": "file:../interfaces"
                      },
                      "dependencies": {
                        "@jiggy/entities": {
                          "version": "file:../entities",
                          "bundled": true,
                          "requires": {
                            "@jiggy/assets": "file:",
                            "@jiggy/interfaces": "file:../interfaces",
                            "@jiggy/utils": "file:../utils"
                          },
                          "dependencies": {}
                        },
                        "@jiggy/interfaces": {
                          "version": "file:../interfaces",
                          "bundled": true
                        }
                      }
                    }
                  }
                },
                "@jiggy/interfaces": {
                  "version": "file:../interfaces",
                  "bundled": true
                }
              }
            }
          }
        },
        "@jiggy/interfaces": {
          "version": "file:../interfaces",
          "bundled": true
        }
      }
    }
  }
}
